
Microsoft Visual Studio Solution File, Format Version 12.00
# Visual Studio 15
VisualStudioVersion = 15.0.28307.136
MinimumVisualStudioVersion = 10.0.40219.1
Project("{8BC9CEB8-8B4A-11D0-8D11-00A0C91BC942}") = "FBXtoBinaryFF", "FBXtoBinaryFF\FBXtoBinaryFF.vcxproj", "{CBA40FE6-FE58-4A2C-B956-52A278BFF0EE}"
EndProject
Global
	GlobalSection(SolutionConfigurationPlatforms) = preSolution
		Debug|x64 = Debug|x64
		Debug|x86 = Debug|x86
		Release|x64 = Release|x64
		Release|x86 = Release|x86
	EndGlobalSection
	GlobalSection(ProjectConfigurationPlatforms) = postSolution
		{CBA40FE6-FE58-4A2C-B956-52A278BFF0EE}.Debug|x64.ActiveCfg = Debug|x64
		{CBA40FE6-FE58-4A2C-B956-52A278BFF0EE}.Debug|x64.Build.0 = Debug|x64
		{CBA40FE6-FE58-4A2C-B956-52A278BFF0EE}.Debug|x86.ActiveCfg = Debug|Win32
		{CBA40FE6-FE58-4A2C-B956-52A278BFF0EE}.Debug|x86.Build.0 = Debug|Win32
		{CBA40FE6-FE58-4A2C-B956-52A278BFF0EE}.Release|x64.ActiveCfg = Release|x64
		{CBA40FE6-FE58-4A2C-B956-52A278BFF0EE}.Release|x64.Build.0 = Release|x64
		{CBA40FE6-FE58-4A2C-B956-52A278BFF0EE}.Release|x86.ActiveCfg = Release|Win32
		{CBA40FE6-FE58-4A2C-B956-52A278BFF0EE}.Release|x86.Build.0 = Release|Win32
	EndGlobalSection
	GlobalSection(SolutionProperties) = preSolution
		HideSolutionNode = FALSE
	EndGlobalSection
	GlobalSection(ExtensibilityGlobals) = postSolution
		SolutionGuid = {3598D54B-4D0C-4AA2-9FAE-2E03494E9003}
	EndGlobalSection
EndGlobal
